# This file was autogenerated by Stack.
# You should not edit this file by hand.
# For more information, please see the documentation at:
#   https://docs.haskellstack.org/en/stable/lock_files

packages:
- completed:
    hackage: hedgehog-1.0@sha256:440dafedac48a34eac3871f8622b215462cfc0708536cb0458b7a8cf38247c69,4463
    pantry-tree:
      size: 2409
      sha256: 985f5ddc16bc1fd4b0c33d4b4e6f54d205fc63aa97b5912b0fcb370dc2a672e3
  original:
    hackage: hedgehog-1.0@sha256:440dafedac48a34eac3871f8622b215462cfc0708536cb0458b7a8cf38247c69
- completed:
    hackage: hedgehog-fn-1.0@sha256:6316a86744e6730b031287a498b5089e5caab83c0a9af3c9d566696dd82642ff,1816
    pantry-tree:
      size: 360
      sha256: eed47be7db19e0baa77e82155c8ba97ea3c6c5eea48d97ccbfaba1c7f678e375
  original:
    hackage: hedgehog-fn-1.0@sha256:6316a86744e6730b031287a498b5089e5caab83c0a9af3c9d566696dd82642ff
snapshots:
- completed:
    size: 498155
    url: https://raw.githubusercontent.com/commercialhaskell/stackage-snapshots/master/lts/13/19.yaml
    sha256: b9367a80d4393d02e58a46b8a9fdfbd7bc19f59c0c2bbf90034ba15cf52cf213
  original: lts-13.19
